
Microsoft Visual Studio Solution File, Format Version 12.00
# Visual Studio Version 16
VisualStudioVersion = 16.0.33130.400
MinimumVisualStudioVersion = 10.0.40219.1
Project("{FAE04EC0-301F-11D3-BF4B-00C04F79EFBC}") = "WebConsulta3.0", "WebConsulta3.0\WebConsulta3.0.csproj", "{DD25D84A-0539-4BF2-B516-5AFE5418D16A}"
EndProject
Global
	GlobalSection(SolutionConfigurationPlatforms) = preSolution
		Debug|Any CPU = Debug|Any CPU
		Release|Any CPU = Release|Any CPU
	EndGlobalSection
	GlobalSection(ProjectConfigurationPlatforms) = postSolution
		{DD25D84A-0539-4BF2-B516-5AFE5418D16A}.Debug|Any CPU.ActiveCfg = Debug|Any CPU
		{DD25D84A-0539-4BF2-B516-5AFE5418D16A}.Debug|Any CPU.Build.0 = Debug|Any CPU
		{DD25D84A-0539-4BF2-B516-5AFE5418D16A}.Release|Any CPU.ActiveCfg = Release|Any CPU
		{DD25D84A-0539-4BF2-B516-5AFE5418D16A}.Release|Any CPU.Build.0 = Release|Any CPU
	EndGlobalSection
	GlobalSection(SolutionProperties) = preSolution
		HideSolutionNode = FALSE
	EndGlobalSection
	GlobalSection(ExtensibilityGlobals) = postSolution
		SolutionGuid = {A95506C3-23C3-4411-8143-0A0CCC01326E}
	EndGlobalSection
EndGlobal
